{
    "_readme": [
        "This file locks the dependencies of your project to a known state",
        "Read more about it at http://getcomposer.org/doc/01-basic-usage.md#composer-lock-the-lock-file"
    ],
    "hash": "bd628407903d1172203fa74e2163e245",
    "packages": [
        {
            "name": "codeblanche/depend",
            "version": "dev-master",
            "source": {
                "type": "git",
                "url": "https://github.com/CodeBlanche/Depend.git",
                "reference": "a691b92398aa232099d748e5406d26e717314259"
            },
            "dist": {
                "type": "zip",
                "url": "https://api.github.com/repos/CodeBlanche/Depend/zipball/a691b92398aa232099d748e5406d26e717314259",
                "reference": "a691b92398aa232099d748e5406d26e717314259",
                "shasum": ""
            },
            "require": {
                "php": ">=5.3.3"
            },
            "type": "library",
            "autoload": {
                "classmap": [
                    "./"
                ],
                "psr-0": {
                    "DI": "src/"
                }
            },
            "notification-url": "https://packagist.org/downloads/",
            "license": [
                "BSD-3-Clause"
            ],
            "authors": [
                {
                    "name": "Merten van Gerven",
                    "email": "merten@codeblanche.com"
                }
            ],
            "description": "Less Configuration, More Injection",
            "keywords": [
                "CodeBlanche",
                "container",
                "dependency",
                "injection",
                "php"
            ],
            "time": "2013-07-18 08:32:06"
        },
        {
            "name": "codeblanche/web",
            "version": "dev-master",
            "source": {
                "type": "git",
                "url": "https://github.com/CodeBlanche/Web.git",
                "reference": "c53b1f073fa19ccc5c78288f9fa468face9c235c"
            },
            "dist": {
                "type": "zip",
                "url": "https://api.github.com/repos/CodeBlanche/Web/zipball/c53b1f073fa19ccc5c78288f9fa468face9c235c",
                "reference": "c53b1f073fa19ccc5c78288f9fa468face9c235c",
                "shasum": ""
            },
            "require": {
                "php": ">=5.3.3"
            },
            "type": "library",
            "autoload": {
                "classmap": [
                    "./"
                ],
                "psr-0": {
                    "DI": "src/"
                }
            },
            "notification-url": "https://packagist.org/downloads/",
            "license": [
                "BSD-3-Clause"
            ],
            "authors": [
                {
                    "name": "Merten van Gerven",
                    "email": "merten@codeblanche.com"
                }
            ],
            "description": "PHP Web Essentials",
            "keywords": [
                "CodeBlanche",
                "http",
                "php",
                "request",
                "response",
                "route",
                "router",
                "web"
            ],
            "time": "2013-11-03 21:39:59"
        },
        {
            "name": "laposta/laposta-api-php",
            "version": "dev-master",
            "source": {
                "type": "git",
                "url": "https://github.com/CodeBlanche/laposta-api-php.git",
                "reference": "2b3c912f9cb037cb9a1f58311b91dad382701f21"
            },
            "dist": {
                "type": "zip",
                "url": "https://api.github.com/repos/CodeBlanche/laposta-api-php/zipball/2b3c912f9cb037cb9a1f58311b91dad382701f21",
                "reference": "2b3c912f9cb037cb9a1f58311b91dad382701f21",
                "shasum": ""
            },
            "require": {
                "ext-curl": "*",
                "ext-json": "*",
                "php": ">=5.2"
            },
            "type": "library",
            "license": [
                "MIT"
            ],
            "authors": [
                {
                    "name": "Stijn van der Ree",
                    "email": "stijn@laposta.nl"
                }
            ],
            "description": "PHP Laposta API wrapper",
            "support": {
                "source": "https://github.com/CodeBlanche/laposta-api-php/tree/1.2.0",
                "issues": "https://github.com/CodeBlanche/laposta-api-php/issues"
            },
            "time": "2013-12-02 20:57:26"
        }
    ],
    "packages-dev": [

    ],
    "aliases": [

    ],
    "minimum-stability": "stable",
    "stability-flags": {
        "laposta/laposta-api-php": 20,
        "codeblanche/depend": 20,
        "codeblanche/web": 20
    },
    "platform": [

    ],
    "platform-dev": [

    ]
}
