{
    "_readme": [
        "This file locks the dependencies of your project to a known state",
        "Read more about it at http://getcomposer.org/doc/01-basic-usage.md#composer-lock-the-lock-file"
    ],
    "hash": "17d79d2e0aa0c8eb97989e1199192d08",
    "packages": [
        {
            "name": "codeblanche/depend",
            "version": "1.0.5",
            "source": {
                "type": "git",
                "url": "https://github.com/CodeBlanche/Depend.git",
                "reference": "69dde0b25fc19a1a322e830b1943d604c4bcdb35"
            },
            "dist": {
                "type": "zip",
                "url": "https://api.github.com/repos/CodeBlanche/Depend/zipball/69dde0b25fc19a1a322e830b1943d604c4bcdb35",
                "reference": "69dde0b25fc19a1a322e830b1943d604c4bcdb35",
                "shasum": ""
            },
            "require": {
                "php": ">=5.3.3"
            },
            "type": "library",
            "autoload": {
                "classmap": [
                    "./"
                ],
                "psr-0": {
                    "DI": "src/"
                }
            },
            "notification-url": "https://packagist.org/downloads/",
            "license": [
                "BSD-3-Clause"
            ],
            "authors": [
                {
                    "name": "Merten van Gerven",
                    "email": "merten@codeblanche.com"
                }
            ],
            "description": "Less Configuration, More Injection",
            "keywords": [
                "CodeBlanche",
                "container",
                "dependency",
                "injection",
                "php"
            ],
            "time": "2013-12-19 00:43:02"
        },
        {
            "name": "codeblanche/entity",
            "version": "1.4.1",
            "source": {
                "type": "git",
                "url": "https://github.com/CodeBlanche/Entity.git",
                "reference": "21c573a3e74c5a9a716550d0ed954f4e30995ec4"
            },
            "dist": {
                "type": "zip",
                "url": "https://api.github.com/repos/CodeBlanche/Entity/zipball/21c573a3e74c5a9a716550d0ed954f4e30995ec4",
                "reference": "21c573a3e74c5a9a716550d0ed954f4e30995ec4",
                "shasum": ""
            },
            "require": {
                "php": ">=5.3.3"
            },
            "type": "library",
            "autoload": {
                "classmap": [
                    "./"
                ],
                "psr-0": {
                    "Entity": "src/"
                }
            },
            "notification-url": "https://packagist.org/downloads/",
            "license": [
                "BSD-3-Clause"
            ],
            "authors": [
                {
                    "name": "Merten van Gerven",
                    "email": "merten@codeblanche.com"
                }
            ],
            "description": "All for Entity, and Entity for all",
            "keywords": [
                "CodeBlanche",
                "Marshal",
                "entity",
                "php"
            ],
            "time": "2013-12-11 13:08:20"
        },
        {
            "name": "codeblanche/web",
            "version": "dev-master",
            "source": {
                "type": "git",
                "url": "https://github.com/CodeBlanche/Web.git",
                "reference": "66baaa0c3ed20dc26dcfc8bb09763af55f8f243b"
            },
            "dist": {
                "type": "zip",
                "url": "https://api.github.com/repos/CodeBlanche/Web/zipball/66baaa0c3ed20dc26dcfc8bb09763af55f8f243b",
                "reference": "66baaa0c3ed20dc26dcfc8bb09763af55f8f243b",
                "shasum": ""
            },
            "require": {
                "php": ">=5.3.3"
            },
            "type": "library",
            "autoload": {
                "classmap": [
                    "./"
                ],
                "psr-0": {
                    "DI": "src/"
                }
            },
            "notification-url": "https://packagist.org/downloads/",
            "license": [
                "BSD-3-Clause"
            ],
            "authors": [
                {
                    "name": "Merten van Gerven",
                    "email": "merten@codeblanche.com"
                }
            ],
            "description": "PHP Web Essentials",
            "keywords": [
                "CodeBlanche",
                "http",
                "php",
                "request",
                "response",
                "route",
                "router",
                "web"
            ],
            "time": "2013-12-08 15:39:51"
        },
        {
            "name": "google/apiclient",
            "version": "dev-master",
            "source": {
                "type": "git",
                "url": "https://github.com/google/google-api-php-client.git",
                "reference": "d2d65826199336a68deab6673f915cee3fc6d1e6"
            },
            "dist": {
                "type": "zip",
                "url": "https://api.github.com/repos/google/google-api-php-client/zipball/d2d65826199336a68deab6673f915cee3fc6d1e6",
                "reference": "d2d65826199336a68deab6673f915cee3fc6d1e6",
                "shasum": ""
            },
            "require": {
                "php": ">=5.2.1"
            },
            "type": "library",
            "autoload": {
                "psr-0": {
                    "Google": "src"
                }
            },
            "notification-url": "https://packagist.org/downloads/",
            "include-path": [
                "src/"
            ],
            "license": [
                "Apache-2.0"
            ],
            "description": "Client library for Google APIs",
            "homepage": "http://developers.google.com/api-client-library/php",
            "keywords": [
                "google"
            ],
            "time": "2013-12-18 04:21:31"
        },
        {
            "name": "laposta/laposta-api-php",
            "version": "1.2.1",
            "source": {
                "type": "git",
                "url": "https://github.com/CodeBlanche/laposta-api-php.git",
                "reference": "18c943048bce07c2b23497fee1236f312581dd5c"
            },
            "dist": {
                "type": "zip",
                "url": "https://api.github.com/repos/CodeBlanche/laposta-api-php/zipball/18c943048bce07c2b23497fee1236f312581dd5c",
                "reference": "18c943048bce07c2b23497fee1236f312581dd5c",
                "shasum": ""
            },
            "require": {
                "ext-curl": "*",
                "ext-json": "*",
                "php": ">=5.2"
            },
            "type": "library",
            "notification-url": "https://packagist.org/downloads/",
            "license": [
                "MIT"
            ],
            "authors": [
                {
                    "name": "Stijn van der Ree",
                    "email": "stijn@laposta.nl"
                }
            ],
            "description": "PHP Laposta API wrapper",
            "time": "2013-12-06 11:19:20"
        }
    ],
    "packages-dev": [

    ],
    "aliases": [

    ],
    "minimum-stability": "stable",
    "stability-flags": {
        "codeblanche/web": 20,
        "google/apiclient": 20
    },
    "platform": [

    ],
    "platform-dev": [

    ]
}
